{
  "name": "ajs_test",
  "version": "1.0.0",
  "lockfileVersion": 3,
  "requires": true,
  "packages": {
    "": {
      "name": "ajs_test",
      "version": "1.0.0",
      "license": "ISC",
      "dependencies": {
        "@alexeykondrachuk/ajs": "^1.0.1"
      }
    },
    "node_modules/@alexeykondrachuk/ajs": {
      "version": "1.0.1",
      "resolved": "https://npm.pkg.github.com/download/@alexeykondrachuk/ajs/1.0.1/68955092ca07df87c59c81a1afa689524124388b",
      "integrity": "sha512-xkpO/P71yJbytvlBe6x2jzJ2STa7lj9Ytu0/fXVMH+pSDkW0BEoW/102kyztdvFhfd3vMJPK6VHZH46loz+LUQ==",
      "license": "ISC"
    }
  }
}
